
Microsoft Visual Studio Solution File, Format Version 12.00
# Visual Studio 2012
Project("{FAE04EC0-301F-11D3-BF4B-00C04F79EFBC}") = "Wiseserver", "Wiseserver\Wiseserver.csproj", "{36A295DB-FBE4-4DE4-B2D4-6AA09CAC5AC9}"
EndProject
Global
	GlobalSection(SolutionConfigurationPlatforms) = preSolution
		Debug|Any CPU = Debug|Any CPU
		Release|Any CPU = Release|Any CPU
	EndGlobalSection
	GlobalSection(ProjectConfigurationPlatforms) = postSolution
		{36A295DB-FBE4-4DE4-B2D4-6AA09CAC5AC9}.Debug|Any CPU.ActiveCfg = Debug|Any CPU
		{36A295DB-FBE4-4DE4-B2D4-6AA09CAC5AC9}.Debug|Any CPU.Build.0 = Debug|Any CPU
		{36A295DB-FBE4-4DE4-B2D4-6AA09CAC5AC9}.Release|Any CPU.ActiveCfg = Release|Any CPU
		{36A295DB-FBE4-4DE4-B2D4-6AA09CAC5AC9}.Release|Any CPU.Build.0 = Release|Any CPU
	EndGlobalSection
	GlobalSection(SolutionProperties) = preSolution
		HideSolutionNode = FALSE
	EndGlobalSection
EndGlobal
